
Microsoft Visual Studio Solution File, Format Version 12.00
# Visual Studio Version 17
VisualStudioVersion = 17.5.33424.131
MinimumVisualStudioVersion = 10.0.40219.1
Project("{FAE04EC0-301F-11D3-BF4B-00C04F79EFBC}") = "T1CS", "T1CS\T1CS.csproj", "{819BADD5-6F64-46E1-A115-39B9AC9B7E64}"
EndProject
Global
	GlobalSection(SolutionConfigurationPlatforms) = preSolution
		Debug|Any CPU = Debug|Any CPU
		Release|Any CPU = Release|Any CPU
	EndGlobalSection
	GlobalSection(ProjectConfigurationPlatforms) = postSolution
		{819BADD5-6F64-46E1-A115-39B9AC9B7E64}.Debug|Any CPU.ActiveCfg = Debug|Any CPU
		{819BADD5-6F64-46E1-A115-39B9AC9B7E64}.Debug|Any CPU.Build.0 = Debug|Any CPU
		{819BADD5-6F64-46E1-A115-39B9AC9B7E64}.Release|Any CPU.ActiveCfg = Release|Any CPU
		{819BADD5-6F64-46E1-A115-39B9AC9B7E64}.Release|Any CPU.Build.0 = Release|Any CPU
	EndGlobalSection
	GlobalSection(SolutionProperties) = preSolution
		HideSolutionNode = FALSE
	EndGlobalSection
	GlobalSection(ExtensibilityGlobals) = postSolution
		SolutionGuid = {B98FCADD-1CD8-4206-A7BD-D04ADB9BCD69}
	EndGlobalSection
EndGlobal
